
Microsoft Visual Studio Solution File, Format Version 12.00
# Visual Studio Version 16
VisualStudioVersion = 16.0.31229.75
MinimumVisualStudioVersion = 10.0.40219.1
Project("{FAE04EC0-301F-11D3-BF4B-00C04F79EFBC}") = "Adopt1Dev_V2.ASP", "Adopt1Dev_V2.ASP\Adopt1Dev_V2.ASP.csproj", "{C1E13721-8380-4C80-A51E-CAC4A811310A}"
EndProject
Project("{FAE04EC0-301F-11D3-BF4B-00C04F79EFBC}") = "Adopt1Dev_V2.DAL", "Adopt1Dev_V2.DAL\Adopt1Dev_V2.DAL.csproj", "{DF857A07-70E1-4D60-BD9D-B90A6AC4D37E}"
EndProject
Global
	GlobalSection(SolutionConfigurationPlatforms) = preSolution
		Debug|Any CPU = Debug|Any CPU
		Release|Any CPU = Release|Any CPU
	EndGlobalSection
	GlobalSection(ProjectConfigurationPlatforms) = postSolution
		{C1E13721-8380-4C80-A51E-CAC4A811310A}.Debug|Any CPU.ActiveCfg = Debug|Any CPU
		{C1E13721-8380-4C80-A51E-CAC4A811310A}.Debug|Any CPU.Build.0 = Debug|Any CPU
		{C1E13721-8380-4C80-A51E-CAC4A811310A}.Release|Any CPU.ActiveCfg = Release|Any CPU
		{C1E13721-8380-4C80-A51E-CAC4A811310A}.Release|Any CPU.Build.0 = Release|Any CPU
		{DF857A07-70E1-4D60-BD9D-B90A6AC4D37E}.Debug|Any CPU.ActiveCfg = Debug|Any CPU
		{DF857A07-70E1-4D60-BD9D-B90A6AC4D37E}.Debug|Any CPU.Build.0 = Debug|Any CPU
		{DF857A07-70E1-4D60-BD9D-B90A6AC4D37E}.Release|Any CPU.ActiveCfg = Release|Any CPU
		{DF857A07-70E1-4D60-BD9D-B90A6AC4D37E}.Release|Any CPU.Build.0 = Release|Any CPU
	EndGlobalSection
	GlobalSection(SolutionProperties) = preSolution
		HideSolutionNode = FALSE
	EndGlobalSection
	GlobalSection(ExtensibilityGlobals) = postSolution
		SolutionGuid = {2DB759D3-9934-4DCC-A8EA-6C7880621C3C}
	EndGlobalSection
EndGlobal
